{
  "originHash" : "a79efa9d90e430270281f7c9ef3bb8bb9b72243319e823901dc715d8e77d48ea",
  "pins" : [
    {
      "identity" : "masshortcut",
      "kind" : "remoteSourceControl",
      "location" : "https://github.com/shpakovski/MASShortcut",
      "state" : {
        "branch" : "master",
        "revision" : "6f2603c6b6cc18f64a799e5d2c9d3bbc467c413a"
      }
    }
  ],
  "version" : 3
}
